github.com/lestrrat-go/dither v0.0.0-20180426220553-2a6e1152a49e h1:VBmMIwDyGTS/2sz+kgEeBwW0deYg9Qqjnsx6VjnHtiE=
github.com/lestrrat-go/dither v0.0.0-20180426220553-2a6e1152a49e/go.mod h1:lu7KKF+0cGq2q9YisNN3giHRRpbMvhe6Q5x26nQ4+2c=
github.com/pkg/errors v0.9.1 h1:FEBLx1zS214owpjy7qsBeixbURkuhQAwrK5UwLGTwt4=
github.com/pkg/errors v0.9.1/go.mod h1:bwawxfHBFNV+L2hUp1rHADufV3IMtnDRdf1r5NINEl0=
